{
  "name": "example",
  "lockfileVersion": 2,
  "requires": true,
  "packages": {
    "": {
      "devDependencies": {
        "elm-ffi": "github:pravdomil/elm-ffi",
        "elm-ffi-node": "github:pravdomil/elm-ffi-node"
      }
    },
    "node_modules/elm-ffi": {
      "resolved": "git+ssh://git@github.com/pravdomil/elm-ffi.git#759fac3a028ca687b37d4eccbe79b7041c8bdaee",
      "dev": true,
      "bin": {
        "elm-ffi": "bin/elm-ffi"
      }
    },
    "node_modules/elm-ffi-node": {
      "resolved": "git+ssh://git@github.com/pravdomil/elm-ffi-node.git#c2d8113922eda476ddf0579b2fc2ff6573e62c68",
      "dev": true
    }
  },
  "dependencies": {
    "elm-ffi": {
      "version": "git+ssh://git@github.com/pravdomil/elm-ffi.git#759fac3a028ca687b37d4eccbe79b7041c8bdaee",
      "dev": true,
      "from": "elm-ffi@github:pravdomil/elm-ffi"
    },
    "elm-ffi-node": {
      "version": "git+ssh://git@github.com/pravdomil/elm-ffi-node.git#c2d8113922eda476ddf0579b2fc2ff6573e62c68",
      "dev": true,
      "from": "elm-ffi-node@github:pravdomil/elm-ffi-node"
    }
  }
}
