{
  "name": "elm-data",
  "lockfileVersion": 2,
  "requires": true,
  "packages": {
    "": {
      "devDependencies": {
        "elm-ffi": "github:pravdomil/elm-ffi",
        "elm-ffi-node": "github:pravdomil/elm-ffi-node",
        "elm-utils": "github:pravdomil/elm-utils"
      }
    },
    "node_modules/elm-ffi": {
      "resolved": "git+ssh://git@github.com/pravdomil/elm-ffi.git#b3c52d352c172a4195c471a667fd52d6c224ec33",
      "dev": true,
      "bin": {
        "elm-ffi": "bin/elm-ffi"
      }
    },
    "node_modules/elm-ffi-node": {
      "resolved": "git+ssh://git@github.com/pravdomil/elm-ffi-node.git#c2d8113922eda476ddf0579b2fc2ff6573e62c68",
      "dev": true
    },
    "node_modules/elm-utils": {
      "resolved": "git+ssh://git@github.com/pravdomil/elm-utils.git#2246b442d563f915bdcc161dbe94db89f8b745b2",
      "dev": true
    }
  },
  "dependencies": {
    "elm-ffi": {
      "version": "git+ssh://git@github.com/pravdomil/elm-ffi.git#b3c52d352c172a4195c471a667fd52d6c224ec33",
      "dev": true,
      "from": "elm-ffi@github:pravdomil/elm-ffi"
    },
    "elm-ffi-node": {
      "version": "git+ssh://git@github.com/pravdomil/elm-ffi-node.git#c2d8113922eda476ddf0579b2fc2ff6573e62c68",
      "dev": true,
      "from": "elm-ffi-node@github:pravdomil/elm-ffi-node"
    },
    "elm-utils": {
      "version": "git+ssh://git@github.com/pravdomil/elm-utils.git#2246b442d563f915bdcc161dbe94db89f8b745b2",
      "dev": true,
      "from": "elm-utils@github:pravdomil/elm-utils"
    }
  }
}
