{
  "name": "elm-data",
  "lockfileVersion": 3,
  "requires": true,
  "packages": {
    "": {
      "name": "elm-data",
      "devDependencies": {
        "elm-ffi": "github:pravdomil/elm-ffi",
        "elm-ffi-node": "github:pravdomil/elm-ffi-node",
        "elm-utils": "github:pravdomil/elm-utils"
      }
    },
    "node_modules/elm-ffi": {
      "resolved": "git+ssh://git@github.com/pravdomil/elm-ffi.git#0c44166e064e6b4d77b07588ad27ee7611491e09",
      "dev": true,
      "bin": {
        "elm-ffi": "bin/elm-ffi"
      }
    },
    "node_modules/elm-ffi-node": {
      "resolved": "git+ssh://git@github.com/pravdomil/elm-ffi-node.git#b4d59a16e355f79edf72a972799d4b3c68dd277e",
      "dev": true
    },
    "node_modules/elm-utils": {
      "resolved": "git+ssh://git@github.com/pravdomil/elm-utils.git#191a367a57eb80e006922070cbc00740afed970e",
      "dev": true
    }
  }
}
