{
  "name": "elm-data",
  "lockfileVersion": 3,
  "requires": true,
  "packages": {
    "": {
      "name": "elm-data",
      "devDependencies": {
        "elm-ffi": "github:pravdomil/elm-ffi",
        "elm-ffi-node": "github:pravdomil/elm-ffi-node",
        "elm-utils": "github:pravdomil/elm-utils"
      }
    },
    "node_modules/elm-ffi": {
      "resolved": "git+ssh://git@github.com/pravdomil/elm-ffi.git#c30c49cbadede15ca14172a6e4d4ecd2ad29f15a",
      "dev": true,
      "bin": {
        "elm-ffi": "bin/elm-ffi"
      }
    },
    "node_modules/elm-ffi-node": {
      "resolved": "git+ssh://git@github.com/pravdomil/elm-ffi-node.git#5160a890e858f6a9f5c973cf7ec79572aa69370b",
      "dev": true
    },
    "node_modules/elm-utils": {
      "resolved": "git+ssh://git@github.com/pravdomil/elm-utils.git#f0b74365080dff53f973ab409cc56e4d72cb8c0f",
      "dev": true
    }
  }
}
